// !$*UTF8*$!
{
	archiveVersion = 1;
	classes = {
	};
	objectVersion = 46;
	objects = {

/* Begin PBXBuildFile section */
		815C49721BDFF65F00CBCF8E /* main.m in Sources */ = {isa = PBXBuildFile; fileRef = 815C49711BDFF65F00CBCF8E /* main.m */; };
		815C49751BDFF65F00CBCF8E /* AppDelegate.m in Sources */ = {isa = PBXBuildFile; fileRef = 815C49741BDFF65F00CBCF8E /* AppDelegate.m */; };
		815C49781BDFF65F00CBCF8E /* ViewController.m in Sources */ = {isa = PBXBuildFile; fileRef = 815C49771BDFF65F00CBCF8E /* ViewController.m */; };
		815C497B1BDFF65F00CBCF8E /* Main.storyboard in Resources */ = {isa = PBXBuildFile; fileRef = 815C49791BDFF65F00CBCF8E /* Main.storyboard */; };
		815C497D1BDFF65F00CBCF8E /* Assets.xcassets in Resources */ = {isa = PBXBuildFile; fileRef = 815C497C1BDFF65F00CBCF8E /* Assets.xcassets */; };
		815C49801BDFF65F00CBCF8E /* LaunchScreen.storyboard in Resources */ = {isa = PBXBuildFile; fileRef = 815C497E1BDFF65F00CBCF8E /* LaunchScreen.storyboard */; };
		815C498B1BDFF66000CBCF8E /* LocalNotificationsTests.m in Sources */ = {isa = PBXBuildFile; fileRef = 815C498A1BDFF66000CBCF8E /* LocalNotificationsTests.m */; };
		815C49961BDFF66000CBCF8E /* LocalNotificationsUITests.m in Sources */ = {isa = PBXBuildFile; fileRef = 815C49951BDFF66000CBCF8E /* LocalNotificationsUITests.m */; };
/* End PBXBuildFile section */

/* Begin PBXContainerItemProxy section */
		815C49871BDFF66000CBCF8E /* PBXContainerItemProxy */ = {
			isa = PBXContainerItemProxy;
			containerPortal = 815C49651BDFF65F00CBCF8E /* Project object */;
			proxyType = 1;
			remoteGlobalIDString = 815C496C1BDFF65F00CBCF8E;
			remoteInfo = LocalNotifications;
		};
		815C49921BDFF66000CBCF8E /* PBXContainerItemProxy */ = {
			isa = PBXContainerItemProxy;
			containerPortal = 815C49651BDFF65F00CBCF8E /* Project object */;
			proxyType = 1;
			remoteGlobalIDString = 815C496C1BDFF65F00CBCF8E;
			remoteInfo = LocalNotifications;
		};
/* End PBXContainerItemProxy section */

/* Begin PBXFileReference section */
		815C496D1BDFF65F00CBCF8E /* LocalNotifications.app */ = {isa = PBXFileReference; explicitFileType = wrapper.application; includeInIndex = 0; path = LocalNotifications.app; sourceTree = BUILT_PRODUCTS_DIR; };
		815C49711BDFF65F00CBCF8E /* main.m */ = {isa = PBXFileReference; lastKnownFileType = sourcecode.c.objc; path = main.m; sourceTree = "<group>"; };
		815C49731BDFF65F00CBCF8E /* AppDelegate.h */ = {isa = PBXFileReference; lastKnownFileType = sourcecode.c.h; path = AppDelegate.h; sourceTree = "<group>"; };
		815C49741BDFF65F00CBCF8E /* AppDelegate.m */ = {isa = PBXFileReference; lastKnownFileType = sourcecode.c.objc; path = AppDelegate.m; sourceTree = "<group>"; };
		815C49761BDFF65F00CBCF8E /* ViewController.h */ = {isa = PBXFileReference; lastKnownFileType = sourcecode.c.h; path = ViewController.h; sourceTree = "<group>"; };
		815C49771BDFF65F00CBCF8E /* ViewController.m */ = {isa = PBXFileReference; lastKnownFileType = sourcecode.c.objc; path = ViewController.m; sourceTree = "<group>"; };
		815C497A1BDFF65F00CBCF8E /* Base */ = {isa = PBXFileReference; lastKnownFileType = file.storyboard; name = Base; path = Base.lproj/Main.storyboard; sourceTree = "<group>"; };
		815C497C1BDFF65F00CBCF8E /* Assets.xcassets */ = {isa = PBXFileReference; lastKnownFileType = folder.assetcatalog; path = Assets.xcassets; sourceTree = "<group>"; };
		815C497F1BDFF65F00CBCF8E /* Base */ = {isa = PBXFileReference; lastKnownFileType = file.storyboard; name = Base; path = Base.lproj/LaunchScreen.storyboard; sourceTree = "<group>"; };
		815C49811BDFF65F00CBCF8E /* Info.plist */ = {isa = PBXFileReference; lastKnownFileType = text.plist.xml; path = Info.plist; sourceTree = "<group>"; };
		815C49861BDFF66000CBCF8E /* LocalNotificationsTests.xctest */ = {isa = PBXFileReference; explicitFileType = wrapper.cfbundle; includeInIndex = 0; path = LocalNotificationsTests.xctest; sourceTree = BUILT_PRODUCTS_DIR; };
		815C498A1BDFF66000CBCF8E /* LocalNotificationsTests.m */ = {isa = PBXFileReference; lastKnownFileType = sourcecode.c.objc; path = LocalNotificationsTests.m; sourceTree = "<group>"; };
		815C498C1BDFF66000CBCF8E /* Info.plist */ = {isa = PBXFileReference; lastKnownFileType = text.plist.xml; path = Info.plist; sourceTree = "<group>"; };
		815C49911BDFF66000CBCF8E /* LocalNotificationsUITests.xctest */ = {isa = PBXFileReference; explicitFileType = wrapper.cfbundle; includeInIndex = 0; path = LocalNotificationsUITests.xctest; sourceTree = BUILT_PRODUCTS_DIR; };
		815C49951BDFF66000CBCF8E /* LocalNotificationsUITests.m */ = {isa = PBXFileReference; lastKnownFileType = sourcecode.c.objc; path = LocalNotificationsUITests.m; sourceTree = "<group>"; };
		815C49971BDFF66000CBCF8E /* Info.plist */ = {isa = PBXFileReference; lastKnownFileType = text.plist.xml; path = Info.plist; sourceTree = "<group>"; };
/* End PBXFileReference section */

/* Begin PBXFrameworksBuildPhase section */
		815C496A1BDFF65F00CBCF8E /* Frameworks */ = {
			isa = PBXFrameworksBuildPhase;
			buildActionMask = 2147483647;
			files = (
			);
			runOnlyForDeploymentPostprocessing = 0;
		};
		815C49831BDFF66000CBCF8E /* Frameworks */ = {
			isa = PBXFrameworksBuildPhase;
			buildActionMask = 2147483647;
			files = (
			);
			runOnlyForDeploymentPostprocessing = 0;
		};
		815C498E1BDFF66000CBCF8E /* Frameworks */ = {
			isa = PBXFrameworksBuildPhase;
			buildActionMask = 2147483647;
			files = (
			);
			runOnlyForDeploymentPostprocessing = 0;
		};
/* End PBXFrameworksBuildPhase section */

/* Begin PBXGroup section */
		815C49641BDFF65F00CBCF8E = {
			isa = PBXGroup;
			children = (
				815C496F1BDFF65F00CBCF8E /* LocalNotifications */,
				815C49891BDFF66000CBCF8E /* LocalNotificationsTests */,
				815C49941BDFF66000CBCF8E /* LocalNotificationsUITests */,
				815C496E1BDFF65F00CBCF8E /* Products */,
			);
			sourceTree = "<group>";
		};
		815C496E1BDFF65F00CBCF8E /* Products */ = {
			isa = PBXGroup;
			children = (
				815C496D1BDFF65F00CBCF8E /* LocalNotifications.app */,
				815C49861BDFF66000CBCF8E /* LocalNotificationsTests.xctest */,
				815C49911BDFF66000CBCF8E /* LocalNotificationsUITests.xctest */,
			);
			name = Products;
			sourceTree = "<group>";
		};
		815C496F1BDFF65F00CBCF8E /* LocalNotifications */ = {
			isa = PBXGroup;
			children = (
				815C49731BDFF65F00CBCF8E /* AppDelegate.h */,
				815C49741BDFF65F00CBCF8E /* AppDelegate.m */,
				815C49761BDFF65F00CBCF8E /* ViewController.h */,
				815C49771BDFF65F00CBCF8E /* ViewController.m */,
				815C49791BDFF65F00CBCF8E /* Main.storyboard */,
				815C497C1BDFF65F00CBCF8E /* Assets.xcassets */,
				815C497E1BDFF65F00CBCF8E /* LaunchScreen.storyboard */,
				815C49811BDFF65F00CBCF8E /* Info.plist */,
				815C49701BDFF65F00CBCF8E /* Supporting Files */,
			);
			path = LocalNotifications;
			sourceTree = "<group>";
		};
		815C49701BDFF65F00CBCF8E /* Supporting Files */ = {
			isa = PBXGroup;
			children = (
				815C49711BDFF65F00CBCF8E /* main.m */,
			);
			name = "Supporting Files";
			sourceTree = "<group>";
		};
		815C49891BDFF66000CBCF8E /* LocalNotificationsTests */ = {
			isa = PBXGroup;
			children = (
				815C498A1BDFF66000CBCF8E /* LocalNotificationsTests.m */,
				815C498C1BDFF66000CBCF8E /* Info.plist */,
			);
			path = LocalNotificationsTests;
			sourceTree = "<group>";
		};
		815C49941BDFF66000CBCF8E /* LocalNotificationsUITests */ = {
			isa = PBXGroup;
			children = (
				815C49951BDFF66000CBCF8E /* LocalNotificationsUITests.m */,
				815C49971BDFF66000CBCF8E /* Info.plist */,
			);
			path = LocalNotificationsUITests;
			sourceTree = "<group>";
		};
/* End PBXGroup section */

/* Begin PBXNativeTarget section */
		815C496C1BDFF65F00CBCF8E /* LocalNotifications */ = {
			isa = PBXNativeTarget;
			buildConfigurationList = 815C499A1BDFF66000CBCF8E /* Build configuration list for PBXNativeTarget "LocalNotifications" */;
			buildPhases = (
				815C49691BDFF65F00CBCF8E /* Sources */,
				815C496A1BDFF65F00CBCF8E /* Frameworks */,
				815C496B1BDFF65F00CBCF8E /* Resources */,
			);
			buildRules = (
			);
			dependencies = (
			);
			name = LocalNotifications;
			productName = LocalNotifications;
			productReference = 815C496D1BDFF65F00CBCF8E /* LocalNotifications.app */;
			productType = "com.apple.product-type.application";
		};
		815C49851BDFF66000CBCF8E /* LocalNotificationsTests */ = {
			isa = PBXNativeTarget;
			buildConfigurationList = 815C499D1BDFF66000CBCF8E /* Build configuration list for PBXNativeTarget "LocalNotificationsTests" */;
			buildPhases = (
				815C49821BDFF66000CBCF8E /* Sources */,
				815C49831BDFF66000CBCF8E /* Frameworks */,
				815C49841BDFF66000CBCF8E /* Resources */,
			);
			buildRules = (
			);
			dependencies = (
				815C49881BDFF66000CBCF8E /* PBXTargetDependency */,
			);
			name = LocalNotificationsTests;
			productName = LocalNotificationsTests;
			productReference = 815C49861BDFF66000CBCF8E /* LocalNotificationsTests.xctest */;
			productType = "com.apple.product-type.bundle.unit-test";
		};
		815C49901BDFF66000CBCF8E /* LocalNotificationsUITests */ = {
			isa = PBXNativeTarget;
			buildConfigurationList = 815C49A01BDFF66000CBCF8E /* Build configuration list for PBXNativeTarget "LocalNotificationsUITests" */;
			buildPhases = (
				815C498D1BDFF66000CBCF8E /* Sources */,
				815C498E1BDFF66000CBCF8E /* Frameworks */,
				815C498F1BDFF66000CBCF8E /* Resources */,
			);
			buildRules = (
			);
			dependencies = (
				815C49931BDFF66000CBCF8E /* PBXTargetDependency */,
			);
			name = LocalNotificationsUITests;
			productName = LocalNotificationsUITests;
			productReference = 815C49911BDFF66000CBCF8E /* LocalNotificationsUITests.xctest */;
			productType = "com.apple.product-type.bundle.ui-testing";
		};
/* End PBXNativeTarget section */

/* Begin PBXProject section */
		815C49651BDFF65F00CBCF8E /* Project object */ = {
			isa = PBXProject;
			attributes = {
				LastUpgradeCheck = 0710;
				ORGANIZATIONNAME = "Treinamento Mobile";
				TargetAttributes = {
					815C496C1BDFF65F00CBCF8E = {
						CreatedOnToolsVersion = 7.1;
						DevelopmentTeam = 2M74K22ZP7;
					};
					815C49851BDFF66000CBCF8E = {
						CreatedOnToolsVersion = 7.1;
						DevelopmentTeam = 2M74K22ZP7;
						TestTargetID = 815C496C1BDFF65F00CBCF8E;
					};
					815C49901BDFF66000CBCF8E = {
						CreatedOnToolsVersion = 7.1;
						DevelopmentTeam = 2M74K22ZP7;
						TestTargetID = 815C496C1BDFF65F00CBCF8E;
					};
				};
			};
			buildConfigurationList = 815C49681BDFF65F00CBCF8E /* Build configuration list for PBXProject "LocalNotifications" */;
			compatibilityVersion = "Xcode 3.2";
			developmentRegion = English;
			hasScannedForEncodings = 0;
			knownRegions = (
				en,
				Base,
			);
			mainGroup = 815C49641BDFF65F00CBCF8E;
			productRefGroup = 815C496E1BDFF65F00CBCF8E /* Products */;
			projectDirPath = "";
			projectRoot = "";
			targets = (
				815C496C1BDFF65F00CBCF8E /* LocalNotifications */,
				815C49851BDFF66000CBCF8E /* LocalNotificationsTests */,
				815C49901BDFF66000CBCF8E /* LocalNotificationsUITests */,
			);
		};
/* End PBXProject section */

/* Begin PBXResourcesBuildPhase section */
		815C496B1BDFF65F00CBCF8E /* Resources */ = {
			isa = PBXResourcesBuildPhase;
			buildActionMask = 2147483647;
			files = (
				815C49801BDFF65F00CBCF8E /* LaunchScreen.storyboard in Resources */,
				815C497D1BDFF65F00CBCF8E /* Assets.xcassets in Resources */,
				815C497B1BDFF65F00CBCF8E /* Main.storyboard in Resources */,
			);
			runOnlyForDeploymentPostprocessing = 0;
		};
		815C49841BDFF66000CBCF8E /* Resources */ = {
			isa = PBXResourcesBuildPhase;
			buildActionMask = 2147483647;
			files = (
			);
			runOnlyForDeploymentPostprocessing = 0;
		};
		815C498F1BDFF66000CBCF8E /* Resources */ = {
			isa = PBXResourcesBuildPhase;
			buildActionMask = 2147483647;
			files = (
			);
			runOnlyForDeploymentPostprocessing = 0;
		};
/* End PBXResourcesBuildPhase section */

/* Begin PBXSourcesBuildPhase section */
		815C49691BDFF65F00CBCF8E /* Sources */ = {
			isa = PBXSourcesBuildPhase;
			buildActionMask = 2147483647;
			files = (
				815C49781BDFF65F00CBCF8E /* ViewController.m in Sources */,
				815C49751BDFF65F00CBCF8E /* AppDelegate.m in Sources */,
				815C49721BDFF65F00CBCF8E /* main.m in Sources */,
			);
			runOnlyForDeploymentPostprocessing = 0;
		};
		815C49821BDFF66000CBCF8E /* Sources */ = {
			isa = PBXSourcesBuildPhase;
			buildActionMask = 2147483647;
			files = (
				815C498B1BDFF66000CBCF8E /* LocalNotificationsTests.m in Sources */,
			);
			runOnlyForDeploymentPostprocessing = 0;
		};
		815C498D1BDFF66000CBCF8E /* Sources */ = {
			isa = PBXSourcesBuildPhase;
			buildActionMask = 2147483647;
			files = (
				815C49961BDFF66000CBCF8E /* LocalNotificationsUITests.m in Sources */,
			);
			runOnlyForDeploymentPostprocessing = 0;
		};
/* End PBXSourcesBuildPhase section */

/* Begin PBXTargetDependency section */
		815C49881BDFF66000CBCF8E /* PBXTargetDependency */ = {
			isa = PBXTargetDependency;
			target = 815C496C1BDFF65F00CBCF8E /* LocalNotifications */;
			targetProxy = 815C49871BDFF66000CBCF8E /* PBXContainerItemProxy */;
		};
		815C49931BDFF66000CBCF8E /* PBXTargetDependency */ = {
			isa = PBXTargetDependency;
			target = 815C496C1BDFF65F00CBCF8E /* LocalNotifications */;
			targetProxy = 815C49921BDFF66000CBCF8E /* PBXContainerItemProxy */;
		};
/* End PBXTargetDependency section */

/* Begin PBXVariantGroup section */
		815C49791BDFF65F00CBCF8E /* Main.storyboard */ = {
			isa = PBXVariantGroup;
			children = (
				815C497A1BDFF65F00CBCF8E /* Base */,
			);
			name = Main.storyboard;
			sourceTree = "<group>";
		};
		815C497E1BDFF65F00CBCF8E /* LaunchScreen.storyboard */ = {
			isa = PBXVariantGroup;
			children = (
				815C497F1BDFF65F00CBCF8E /* Base */,
			);
			name = LaunchScreen.storyboard;
			sourceTree = "<group>";
		};
/* End PBXVariantGroup section */

/* Begin XCBuildConfiguration section */
		815C49981BDFF66000CBCF8E /* Debug */ = {
			isa = XCBuildConfiguration;
			buildSettings = {
				ALWAYS_SEARCH_USER_PATHS = NO;
				CLANG_CXX_LANGUAGE_STANDARD = "gnu++0x";
				CLANG_CXX_LIBRARY = "libc++";
				CLANG_ENABLE_MODULES = YES;
				CLANG_ENABLE_OBJC_ARC = YES;
				CLANG_WARN_BOOL_CONVERSION = YES;
				CLANG_WARN_CONSTANT_CONVERSION = YES;
				CLANG_WARN_DIRECT_OBJC_ISA_USAGE = YES_ERROR;
				CLANG_WARN_EMPTY_BODY = YES;
				CLANG_WARN_ENUM_CONVERSION = YES;
				CLANG_WARN_INT_CONVERSION = YES;
				CLANG_WARN_OBJC_ROOT_CLASS = YES_ERROR;
				CLANG_WARN_UNREACHABLE_CODE = YES;
				CLANG_WARN__DUPLICATE_METHOD_MATCH = YES;
				"CODE_SIGN_IDENTITY[sdk=iphoneos*]" = "iPhone Developer";
				COPY_PHASE_STRIP = NO;
				DEBUG_INFORMATION_FORMAT = dwarf;
				ENABLE_STRICT_OBJC_MSGSEND = YES;
				ENABLE_TESTABILITY = YES;
				GCC_C_LANGUAGE_STANDARD = gnu99;
				GCC_DYNAMIC_NO_PIC = NO;
				GCC_NO_COMMON_BLOCKS = YES;
				GCC_OPTIMIZATION_LEVEL = 0;
				GCC_PREPROCESSOR_DEFINITIONS = (
					"DEBUG=1",
					"$(inherited)",
				);
				GCC_WARN_64_TO_32_BIT_CONVERSION = YES;
				GCC_WARN_ABOUT_RETURN_TYPE = YES_ERROR;
				GCC_WARN_UNDECLARED_SELECTOR = YES;
				GCC_WARN_UNINITIALIZED_AUTOS = YES_AGGRESSIVE;
				GCC_WARN_UNUSED_FUNCTION = YES;
				GCC_WARN_UNUSED_VARIABLE = YES;
				IPHONEOS_DEPLOYMENT_TARGET = 9.1;
				MTL_ENABLE_DEBUG_INFO = YES;
				ONLY_ACTIVE_ARCH = YES;
				SDKROOT = iphoneos;
				TARGETED_DEVICE_FAMILY = "1,2";
			};
			name = Debug;
		};
		815C49991BDFF66000CBCF8E /* Release */ = {
			isa = XCBuildConfiguration;
			buildSettings = {
				ALWAYS_SEARCH_USER_PATHS = NO;
				CLANG_CXX_LANGUAGE_STANDARD = "gnu++0x";
				CLANG_CXX_LIBRARY = "libc++";
				CLANG_ENABLE_MODULES = YES;
				CLANG_ENABLE_OBJC_ARC = YES;
				CLANG_WARN_BOOL_CONVERSION = YES;
				CLANG_WARN_CONSTANT_CONVERSION = YES;
				CLANG_WARN_DIRECT_OBJC_ISA_USAGE = YES_ERROR;
				CLANG_WARN_EMPTY_BODY = YES;
				CLANG_WARN_ENUM_CONVERSION = YES;
				CLANG_WARN_INT_CONVERSION = YES;
				CLANG_WARN_OBJC_ROOT_CLASS = YES_ERROR;
				CLANG_WARN_UNREACHABLE_CODE = YES;
				CLANG_WARN__DUPLICATE_METHOD_MATCH = YES;
				"CODE_SIGN_IDENTITY[sdk=iphoneos*]" = "iPhone Developer";
				COPY_PHASE_STRIP = NO;
				DEBUG_INFORMATION_FORMAT = "dwarf-with-dsym";
				ENABLE_NS_ASSERTIONS = NO;
				ENABLE_STRICT_OBJC_MSGSEND = YES;
				GCC_C_LANGUAGE_STANDARD = gnu99;
				GCC_NO_COMMON_BLOCKS = YES;
				GCC_WARN_64_TO_32_BIT_CONVERSION = YES;
				GCC_WARN_ABOUT_RETURN_TYPE = YES_ERROR;
				GCC_WARN_UNDECLARED_SELECTOR = YES;
				GCC_WARN_UNINITIALIZED_AUTOS = YES_AGGRESSIVE;
				GCC_WARN_UNUSED_FUNCTION = YES;
				GCC_WARN_UNUSED_VARIABLE = YES;
				IPHONEOS_DEPLOYMENT_TARGET = 9.1;
				MTL_ENABLE_DEBUG_INFO = NO;
				SDKROOT = iphoneos;
				TARGETED_DEVICE_FAMILY = "1,2";
				VALIDATE_PRODUCT = YES;
			};
			name = Release;
		};
		815C499B1BDFF66000CBCF8E /* Debug */ = {
			isa = XCBuildConfiguration;
			buildSettings = {
				ASSETCATALOG_COMPILER_APPICON_NAME = AppIcon;
				INFOPLIST_FILE = LocalNotifications/Info.plist;
				LD_RUNPATH_SEARCH_PATHS = "$(inherited) @executable_path/Frameworks";
				PRODUCT_BUNDLE_IDENTIFIER = squiter.LocalNotifications;
				PRODUCT_NAME = "$(TARGET_NAME)";
			};
			name = Debug;
		};
		815C499C1BDFF66000CBCF8E /* Release */ = {
			isa = XCBuildConfiguration;
			buildSettings = {
				ASSETCATALOG_COMPILER_APPICON_NAME = AppIcon;
				INFOPLIST_FILE = LocalNotifications/Info.plist;
				LD_RUNPATH_SEARCH_PATHS = "$(inherited) @executable_path/Frameworks";
				PRODUCT_BUNDLE_IDENTIFIER = squiter.LocalNotifications;
				PRODUCT_NAME = "$(TARGET_NAME)";
			};
			name = Release;
		};
		815C499E1BDFF66000CBCF8E /* Debug */ = {
			isa = XCBuildConfiguration;
			buildSettings = {
				BUNDLE_LOADER = "$(TEST_HOST)";
				INFOPLIST_FILE = LocalNotificationsTests/Info.plist;
				LD_RUNPATH_SEARCH_PATHS = "$(inherited) @executable_path/Frameworks @loader_path/Frameworks";
				PRODUCT_BUNDLE_IDENTIFIER = squiter.LocalNotificationsTests;
				PRODUCT_NAME = "$(TARGET_NAME)";
				TEST_HOST = "$(BUILT_PRODUCTS_DIR)/LocalNotifications.app/LocalNotifications";
			};
			name = Debug;
		};
		815C499F1BDFF66000CBCF8E /* Release */ = {
			isa = XCBuildConfiguration;
			buildSettings = {
				BUNDLE_LOADER = "$(TEST_HOST)";
				INFOPLIST_FILE = LocalNotificationsTests/Info.plist;
				LD_RUNPATH_SEARCH_PATHS = "$(inherited) @executable_path/Frameworks @loader_path/Frameworks";
				PRODUCT_BUNDLE_IDENTIFIER = squiter.LocalNotificationsTests;
				PRODUCT_NAME = "$(TARGET_NAME)";
				TEST_HOST = "$(BUILT_PRODUCTS_DIR)/LocalNotifications.app/LocalNotifications";
			};
			name = Release;
		};
		815C49A11BDFF66000CBCF8E /* Debug */ = {
			isa = XCBuildConfiguration;
			buildSettings = {
				INFOPLIST_FILE = LocalNotificationsUITests/Info.plist;
				LD_RUNPATH_SEARCH_PATHS = "$(inherited) @executable_path/Frameworks @loader_path/Frameworks";
				PRODUCT_BUNDLE_IDENTIFIER = squiter.LocalNotificationsUITests;
				PRODUCT_NAME = "$(TARGET_NAME)";
				TEST_TARGET_NAME = LocalNotifications;
				USES_XCTRUNNER = YES;
			};
			name = Debug;
		};
		815C49A21BDFF66000CBCF8E /* Release */ = {
			isa = XCBuildConfiguration;
			buildSettings = {
				INFOPLIST_FILE = LocalNotificationsUITests/Info.plist;
				LD_RUNPATH_SEARCH_PATHS = "$(inherited) @executable_path/Frameworks @loader_path/Frameworks";
				PRODUCT_BUNDLE_IDENTIFIER = squiter.LocalNotificationsUITests;
				PRODUCT_NAME = "$(TARGET_NAME)";
				TEST_TARGET_NAME = LocalNotifications;
				USES_XCTRUNNER = YES;
			};
			name = Release;
		};
/* End XCBuildConfiguration section */

/* Begin XCConfigurationList section */
		815C49681BDFF65F00CBCF8E /* Build configuration list for PBXProject "LocalNotifications" */ = {
			isa = XCConfigurationList;
			buildConfigurations = (
				815C49981BDFF66000CBCF8E /* Debug */,
				815C49991BDFF66000CBCF8E /* Release */,
			);
			defaultConfigurationIsVisible = 0;
			defaultConfigurationName = Release;
		};
		815C499A1BDFF66000CBCF8E /* Build configuration list for PBXNativeTarget "LocalNotifications" */ = {
			isa = XCConfigurationList;
			buildConfigurations = (
				815C499B1BDFF66000CBCF8E /* Debug */,
				815C499C1BDFF66000CBCF8E /* Release */,
			);
			defaultConfigurationIsVisible = 0;
		};
		815C499D1BDFF66000CBCF8E /* Build configuration list for PBXNativeTarget "LocalNotificationsTests" */ = {
			isa = XCConfigurationList;
			buildConfigurations = (
				815C499E1BDFF66000CBCF8E /* Debug */,
				815C499F1BDFF66000CBCF8E /* Release */,
			);
			defaultConfigurationIsVisible = 0;
		};
		815C49A01BDFF66000CBCF8E /* Build configuration list for PBXNativeTarget "LocalNotificationsUITests" */ = {
			isa = XCConfigurationList;
			buildConfigurations = (
				815C49A11BDFF66000CBCF8E /* Debug */,
				815C49A21BDFF66000CBCF8E /* Release */,
			);
			defaultConfigurationIsVisible = 0;
		};
/* End XCConfigurationList section */
	};
	rootObject = 815C49651BDFF65F00CBCF8E /* Project object */;
}
